
Microsoft Visual Studio Solution File, Format Version 10.00
# Visual Studio 2008
Project("{2150E333-8FDC-42A3-9474-1A3956D46DE8}") = "Solution Items", "Solution Items", "{8D70ECCD-A6DC-42A8-9BE6-8C0547499558}"
	ProjectSection(SolutionItems) = preProject
		ilmerge_dlls.bat = ilmerge_dlls.bat
	EndProjectSection
EndProject
Project("{FAE04EC0-301F-11D3-BF4B-00C04F79EFBC}") = "DJ.Util", "DJ.Util\DJ.Util.csproj", "{D929695A-E1F2-4086-9573-9CD1828B6ADA}"
EndProject
Project("{FAE04EC0-301F-11D3-BF4B-00C04F79EFBC}") = "DJ.Util.Test", "DJ.Util.Test\DJ.Util.Test.csproj", "{0C88F5F5-9DD7-4902-84B0-5BD4C1373609}"
EndProject
Project("{FAE04EC0-301F-11D3-BF4B-00C04F79EFBC}") = "DJ.App.MarkEmptyDirs", "DJ.App.MarkEmptyDirs\DJ.App.MarkEmptyDirs.csproj", "{B0B70994-7C86-46E0-B7EE-CA3E84D686F0}"
EndProject
Global
	GlobalSection(SolutionConfigurationPlatforms) = preSolution
		Debug|Any CPU = Debug|Any CPU
		Release|Any CPU = Release|Any CPU
	EndGlobalSection
	GlobalSection(ProjectConfigurationPlatforms) = postSolution
		{0C88F5F5-9DD7-4902-84B0-5BD4C1373609}.Debug|Any CPU.ActiveCfg = Debug|Any CPU
		{0C88F5F5-9DD7-4902-84B0-5BD4C1373609}.Debug|Any CPU.Build.0 = Debug|Any CPU
		{0C88F5F5-9DD7-4902-84B0-5BD4C1373609}.Release|Any CPU.ActiveCfg = Release|Any CPU
		{0C88F5F5-9DD7-4902-84B0-5BD4C1373609}.Release|Any CPU.Build.0 = Release|Any CPU
		{B0B70994-7C86-46E0-B7EE-CA3E84D686F0}.Debug|Any CPU.ActiveCfg = Debug|Any CPU
		{B0B70994-7C86-46E0-B7EE-CA3E84D686F0}.Debug|Any CPU.Build.0 = Debug|Any CPU
		{B0B70994-7C86-46E0-B7EE-CA3E84D686F0}.Release|Any CPU.ActiveCfg = Release|Any CPU
		{B0B70994-7C86-46E0-B7EE-CA3E84D686F0}.Release|Any CPU.Build.0 = Release|Any CPU
		{D929695A-E1F2-4086-9573-9CD1828B6ADA}.Debug|Any CPU.ActiveCfg = Debug|Any CPU
		{D929695A-E1F2-4086-9573-9CD1828B6ADA}.Debug|Any CPU.Build.0 = Debug|Any CPU
		{D929695A-E1F2-4086-9573-9CD1828B6ADA}.Release|Any CPU.ActiveCfg = Release|Any CPU
		{D929695A-E1F2-4086-9573-9CD1828B6ADA}.Release|Any CPU.Build.0 = Release|Any CPU
	EndGlobalSection
	GlobalSection(NestedProjects) = preSolution
	EndGlobalSection
	GlobalSection(MonoDevelopProperties) = preSolution
		version = 1.0
		StartupItem = DJ.App.MarkEmptyDirs\DJ.App.MarkEmptyDirs.csproj
		Policies = $0
		$0.DotNetNamingPolicy = $1
		$1.DirectoryNamespaceAssociation = None
		$1.ResourceNamePolicy = FileFormatDefault
		$0.StandardHeader = $2
		$2.Text = @ Copyright (C) ${Year} by ${CopyrightHolder}\n\n This file is part of MarkEmptyDirs.\n\n MarkEmptyDirs is free software: you can redistribute it and/or modify\n it under the terms of the GNU General Public License as published by\n the Free Software Foundation, either version 3 of the License, or\n (at your option) any later version.\n\n MarkEmptyDirs is distributed in the hope that it will be useful,\n but WITHOUT ANY WARRANTY; without even the implied warranty of \n MERCHANTABILITY or FITNESS FOR A PARTICULAR PURPOSE.  See the\n GNU General Public License for more details.\n\n You should have received a copy of the GNU General Public License\n along with MarkEmptyDirs.  If not, see <http://www.gnu.org/licenses/>.
		$2.inheritsSet = MITX11License
		$0.TextStylePolicy = $3
		$3.FileWidth = 120
		$3.TabWidth = 4
		$3.TabsToSpaces = True
		$3.NoTabsAfterNonTabs = False
		$3.RemoveTrailingWhitespace = True
		$3.EolMarker = Native
	EndGlobalSection
	GlobalSection(SolutionProperties) = preSolution
		HideSolutionNode = FALSE
	EndGlobalSection
EndGlobal
